{
  "name": "@sentinel/db-wasm",
  "version": "0.1.0",
  "lockfileVersion": 3,
  "requires": true,
  "packages": {
    "": {
      "name": "@sentinel/db-wasm",
      "version": "0.1.0",
      "devDependencies": {
        "@sentinel/db": "file:../db",
        "@sqlite.org/sqlite-wasm": "3.53.0-build1",
        "typescript": "^5.8.2"
      },
      "peerDependencies": {
        "@sentinel/db": "*",
        "@sqlite.org/sqlite-wasm": "3.53.0-build1"
      }
    },
    "../db": {
      "name": "@sentinel/db",
      "version": "0.1.0",
      "dev": true,
      "devDependencies": {
        "@types/node": "^26.2.0",
        "typescript": "^5.8.2",
        "vitest": "^3.2.4"
      }
    },
    "node_modules/@sentinel/db": {
      "resolved": "../db",
      "link": true
    },
    "node_modules/@sqlite.org/sqlite-wasm": {
      "version": "3.53.0-build1",
      "resolved": "https://registry.npmjs.org/@sqlite.org/sqlite-wasm/-/sqlite-wasm-3.53.0-build1.tgz",
      "integrity": "sha512-PfWPWN2n+/37doa8oh2/oUXk4OOsRYZsxc1W1sDXIGb/Pu5Yrb+f2eyYpgQMGITVX7HVgxhs9P18Rc6I97ym/g==",
      "dev": true,
      "license": "Apache-2.0",
      "workspaces": [
        "demos/*"
      ],
      "engines": {
        "node": ">=22"
      }
    },
    "node_modules/typescript": {
      "version": "5.9.3",
      "resolved": "https://registry.npmjs.org/typescript/-/typescript-5.9.3.tgz",
      "integrity": "sha512-jl1vZzPDinLr9eUt3J/t7V6FgNEw9QjvBPdysz9KfQDD41fQrC2Y4vKQdiaUpFT4bXlb1RHhLpp8wtm6M5TgSw==",
      "dev": true,
      "license": "Apache-2.0",
      "bin": {
        "tsc": "bin/tsc",
        "tsserver": "bin/tsserver"
      },
      "engines": {
        "node": ">=14.17"
      }
    }
  }
}
